<?xml version="1.0" encoding="utf-8"?>
<Project ToolsVersion="4.0" xmlns="http://schemas.microsoft.com/developer/msbuild/2003">
  <ItemGroup>
    <Filter Include="源文件">
      <UniqueIdentifier>{4FC737F1-C7A5-4376-A066-2A32D752A2FF}</UniqueIdentifier>
      <Extensions>cpp;c;cc;cxx;c++;cppm;ixx;def;odl;idl;hpj;bat;asm;asmx</Extensions>
    </Filter>
    <Filter Include="头文件">
      <UniqueIdentifier>{93995380-89BD-4b04-88EB-625FBE52EBFB}</UniqueIdentifier>
      <Extensions>h;hh;hpp;hxx;h++;hm;inl;inc;ipp;xsd</Extensions>
    </Filter>
    <Filter Include="资源文件">
      <UniqueIdentifier>{67DA6AB6-F800-4c08-8B7A-83BB121AAD01}</UniqueIdentifier>
      <Extensions>rc;ico;cur;bmp;dlg;rc2;rct;bin;rgs;gif;jpg;jpeg;jpe;resx;tiff;tif;png;wav;mfcribbon-ms</Extensions>
    </Filter>
  </ItemGroup>
  <ItemGroup>
    <ClInclude Include="source\runtime\core\stock\Array.h">
      <Filter>头文件</Filter>
    </ClInclude>
    <ClInclude Include="source\runtime\core\JCores.h">
      <Filter>头文件</Filter>
    </ClInclude>
    <ClInclude Include="source\runtime\core\Marco.h">
      <Filter>头文件</Filter>
    </ClInclude>
    <ClInclude Include="source\runtime\function\render\interface\RHI.h">
      <Filter>头文件</Filter>
    </ClInclude>
    <ClInclude Include="source\runtime\function\render\interface\RHI_Definitions.h">
      <Filter>头文件</Filter>
    </ClInclude>
    <ClInclude Include="source\runtime\function\render\interface\RHI_Resource.h">
      <Filter>头文件</Filter>
    </ClInclude>
    <ClInclude Include="source\runtime\core\basedatastruct\JNumber.h">
      <Filter>头文件</Filter>
    </ClInclude>
    <ClInclude Include="source\runtime\function\render\interface\RHIDynamic.h">
      <Filter>头文件</Filter>
    </ClInclude>
    <ClInclude Include="source\runtime\core\Math.h">
      <Filter>头文件</Filter>
    </ClInclude>
    <ClInclude Include="source\runtime\core\basedatastruct\BaseDataStruct.h">
      <Filter>头文件</Filter>
    </ClInclude>
    <ClInclude Include="source\runtime\core\log\LogText.h">
      <Filter>头文件</Filter>
    </ClInclude>
    <ClInclude Include="source\runtime\core\exception\ExceptionMarco.h">
      <Filter>头文件</Filter>
    </ClInclude>
    <ClInclude Include="source\runtime\function\engine\Engine.h">
      <Filter>头文件</Filter>
    </ClInclude>
    <ClInclude Include="source\runtime\function\system\WindowSystem.h">
      <Filter>头文件</Filter>
    </ClInclude>
    <ClInclude Include="source\runtime\core\memory\SmartPtr.h">
      <Filter>头文件</Filter>
    </ClInclude>
    <ClInclude Include="source\runtime\function\system\GlobalSystemContext.h">
      <Filter>头文件</Filter>
    </ClInclude>
    <ClInclude Include="source\runtime\function\system\RenderSystem.h">
      <Filter>头文件</Filter>
    </ClInclude>
    <ClInclude Include="source\runtime\function\render\RenderPassBase.h">
      <Filter>头文件</Filter>
    </ClInclude>
    <ClInclude Include="source\runtime\function\render\RenderScene.h">
      <Filter>头文件</Filter>
    </ClInclude>
    <ClInclude Include="source\runtime\function\render\RenderCamera.h">
      <Filter>头文件</Filter>
    </ClInclude>
    <ClInclude Include="source\runtime\function\render\RenderCommon.h">
      <Filter>头文件</Filter>
    </ClInclude>
    <ClInclude Include="source\runtime\function\render\RenderMeshNodeTree.h">
      <Filter>头文件</Filter>
    </ClInclude>
    <ClInclude Include="source\runtime\function\render\RenderEntity.h">
      <Filter>头文件</Filter>
    </ClInclude>
    <ClInclude Include="source\runtime\function\render\FD3D12RHI\D3D12RHI.h">
      <Filter>头文件</Filter>
    </ClInclude>
    <ClInclude Include="source\runtime\function\render\FD3D12RHI\D3D12RHIResource.h">
      <Filter>头文件</Filter>
    </ClInclude>
    <ClInclude Include="source\runtime\function\render\FD3D12RHI\D3D12Resource.h">
      <Filter>头文件</Filter>
    </ClInclude>
    <ClInclude Include="source\runtime\function\render\FD3D12RHI\D3D12Util.h">
      <Filter>头文件</Filter>
    </ClInclude>
    <ClInclude Include="source\runtime\function\render\FD3D12RHI\D3D12RHIDynamic.h">
      <Filter>头文件</Filter>
    </ClInclude>
    <ClInclude Include="source\runtime\function\render\FD3D12RHI\D3D12TypeTraits.h">
      <Filter>头文件</Filter>
    </ClInclude>
    <ClInclude Include="source\runtime\function\render\interface\RHICommon.h">
      <Filter>头文件</Filter>
    </ClInclude>
    <ClInclude Include="source\runtime\function\render\FD3D12RHI\d3dx12.h">
      <Filter>头文件</Filter>
    </ClInclude>
    <ClInclude Include="source\runtime\function\render\FD3D12RHI\D3D12AllocHeap.h">
      <Filter>头文件</Filter>
    </ClInclude>
    <ClInclude Include="source\runtime\function\render\FD3D12RHI\D3D12OfflineDescriptorManager.h">
      <Filter>头文件</Filter>
    </ClInclude>
    <ClInclude Include="source\runtime\function\render\FD3D12RHI\tools\DDSTextureLoader.h">
      <Filter>头文件</Filter>
    </ClInclude>
    <ClInclude Include="source\runtime\function\render\Tools\GeometryGenerator.h">
      <Filter>头文件</Filter>
    </ClInclude>
    <ClInclude Include="source\runtime\function\render\uirender\UIContext.h">
      <Filter>头文件</Filter>
    </ClInclude>
    <ClInclude Include="source\runtime\function\render\uirender\ImGui\ImGuiContext.h">
      <Filter>头文件</Filter>
    </ClInclude>
    <ClInclude Include="source\3rdParty\imgui-docking\imconfig.h">
      <Filter>头文件</Filter>
    </ClInclude>
    <ClInclude Include="source\3rdParty\imgui-docking\imgui.h">
      <Filter>头文件</Filter>
    </ClInclude>
    <ClInclude Include="source\3rdParty\imgui-docking\imgui_internal.h">
      <Filter>头文件</Filter>
    </ClInclude>
    <ClInclude Include="source\3rdParty\imgui-docking\imstb_rectpack.h">
      <Filter>头文件</Filter>
    </ClInclude>
    <ClInclude Include="source\3rdParty\imgui-docking\imstb_textedit.h">
      <Filter>头文件</Filter>
    </ClInclude>
    <ClInclude Include="source\3rdParty\imgui-docking\imstb_truetype.h">
      <Filter>头文件</Filter>
    </ClInclude>
    <ClInclude Include="source\3rdParty\imgui-docking\backends\imgui_impl_dx12.h">
      <Filter>头文件</Filter>
    </ClInclude>
    <ClInclude Include="source\3rdParty\imgui-docking\backends\imgui_impl_win32.h">
      <Filter>头文件</Filter>
    </ClInclude>
    <ClInclude Include="source\editor\EditorUITable.h">
      <Filter>头文件</Filter>
    </ClInclude>
    <ClInclude Include="source\editor\Editor.h">
      <Filter>头文件</Filter>
    </ClInclude>
    <ClInclude Include="source\editor\EditorUIContext.h">
      <Filter>头文件</Filter>
    </ClInclude>
  </ItemGroup>
  <ItemGroup>
    <ClCompile Include="main.cpp">
      <Filter>源文件</Filter>
    </ClCompile>
    <ClCompile Include="source\runtime\core\basedatastruct\BaseDataStruct.cpp">
      <Filter>源文件</Filter>
    </ClCompile>
    <ClCompile Include="source\runtime\core\log\LogText.cpp">
      <Filter>源文件</Filter>
    </ClCompile>
    <ClCompile Include="source\runtime\function\system\WindowSystem.cpp">
      <Filter>源文件</Filter>
    </ClCompile>
    <ClCompile Include="source\runtime\function\render\RenderScene.cpp">
      <Filter>源文件</Filter>
    </ClCompile>
    <ClCompile Include="source\runtime\function\render\FD3D12RHI\D3D12Util.cpp">
      <Filter>源文件</Filter>
    </ClCompile>
    <ClCompile Include="source\runtime\function\render\interface\RHIDynamic.cpp">
      <Filter>源文件</Filter>
    </ClCompile>
    <ClCompile Include="source\runtime\function\render\FD3D12RHI\D3D12RHIDynamic.cpp">
      <Filter>源文件</Filter>
    </ClCompile>
    <ClCompile Include="source\runtime\function\system\GlobalSystemContext.cpp">
      <Filter>源文件</Filter>
    </ClCompile>
    <ClCompile Include="source\runtime\function\engine\Engine.cpp">
      <Filter>源文件</Filter>
    </ClCompile>
    <ClCompile Include="source\runtime\function\system\RenderSystem.cpp">
      <Filter>源文件</Filter>
    </ClCompile>
    <ClCompile Include="source\runtime\function\render\FD3D12RHI\D3D12OfflineDescriptorManager.cpp">
      <Filter>源文件</Filter>
    </ClCompile>
    <ClCompile Include="source\runtime\function\render\FD3D12RHI\tools\DDSTextureLoader.cpp">
      <Filter>源文件</Filter>
    </ClCompile>
    <ClCompile Include="source\runtime\core\memory\SmartPtr.cpp">
      <Filter>源文件</Filter>
    </ClCompile>
    <ClCompile Include="source\runtime\function\render\Tools\GeometryGenerator.cpp">
      <Filter>源文件</Filter>
    </ClCompile>
    <ClCompile Include="source\runtime\function\render\uirender\ImGui\ImGuiContext.cpp">
      <Filter>源文件</Filter>
    </ClCompile>
    <ClCompile Include="source\3rdParty\imgui-docking\imgui.cpp">
      <Filter>源文件</Filter>
    </ClCompile>
    <ClCompile Include="source\3rdParty\imgui-docking\imgui_demo.cpp">
      <Filter>源文件</Filter>
    </ClCompile>
    <ClCompile Include="source\3rdParty\imgui-docking\imgui_draw.cpp">
      <Filter>源文件</Filter>
    </ClCompile>
    <ClCompile Include="source\3rdParty\imgui-docking\imgui_tables.cpp">
      <Filter>源文件</Filter>
    </ClCompile>
    <ClCompile Include="source\3rdParty\imgui-docking\imgui_widgets.cpp">
      <Filter>源文件</Filter>
    </ClCompile>
    <ClCompile Include="source\3rdParty\imgui-docking\backends\imgui_impl_dx12.cpp">
      <Filter>源文件</Filter>
    </ClCompile>
    <ClCompile Include="source\3rdParty\imgui-docking\backends\imgui_impl_win32.cpp">
      <Filter>源文件</Filter>
    </ClCompile>
    <ClCompile Include="source\editor\EditorUITable.cpp">
      <Filter>源文件</Filter>
    </ClCompile>
    <ClCompile Include="source\editor\EditorUIContext.cpp">
      <Filter>源文件</Filter>
    </ClCompile>
  </ItemGroup>
</Project>